
Microsoft Visual Studio Solution File, Format Version 12.00
# Visual Studio Version 16
VisualStudioVersion = 16.0.29806.167
MinimumVisualStudioVersion = 10.0.40219.1
Project("{9A19103F-16F7-4668-BE54-9A1E7A4F7556}") = "FormsStickyHeaders", "FormsStickyHeaders\FormsStickyHeaders.csproj", "{E1965A9B-5007-449F-899A-6B4B045BE30E}"
EndProject
Project("{FAE04EC0-301F-11D3-BF4B-00C04F79EFBC}") = "FormsStickyHeaders.Android", "FormsStickyHeaders.Android\FormsStickyHeaders.Android.csproj", "{A2433EF0-0193-4943-B9EE-2DAA3D878EA2}"
EndProject
Project("{FAE04EC0-301F-11D3-BF4B-00C04F79EFBC}") = "FormsStickyHeaders.iOS", "FormsStickyHeaders.iOS\FormsStickyHeaders.iOS.csproj", "{E0CD3877-9AC8-47C9-B3CF-29123039FFC8}"
EndProject
Project("{FAE04EC0-301F-11D3-BF4B-00C04F79EFBC}") = "FormsStickyHeaders.UWP", "FormsStickyHeaders.UWP\FormsStickyHeaders.UWP.csproj", "{8FFC95B4-8847-4DBF-B488-3A474DA84807}"
EndProject
Global
	GlobalSection(SolutionConfigurationPlatforms) = preSolution
		Debug|Any CPU = Debug|Any CPU
		Debug|ARM = Debug|ARM
		Debug|ARM64 = Debug|ARM64
		Debug|iPhone = Debug|iPhone
		Debug|iPhoneSimulator = Debug|iPhoneSimulator
		Debug|x64 = Debug|x64
		Debug|x86 = Debug|x86
		Release|Any CPU = Release|Any CPU
		Release|ARM = Release|ARM
		Release|ARM64 = Release|ARM64
		Release|iPhone = Release|iPhone
		Release|iPhoneSimulator = Release|iPhoneSimulator
		Release|x64 = Release|x64
		Release|x86 = Release|x86
	EndGlobalSection
	GlobalSection(ProjectConfigurationPlatforms) = postSolution
		{E1965A9B-5007-449F-899A-6B4B045BE30E}.Debug|Any CPU.ActiveCfg = Debug|Any CPU
		{E1965A9B-5007-449F-899A-6B4B045BE30E}.Debug|Any CPU.Build.0 = Debug|Any CPU
		{E1965A9B-5007-449F-899A-6B4B045BE30E}.Debug|ARM.ActiveCfg = Debug|Any CPU
		{E1965A9B-5007-449F-899A-6B4B045BE30E}.Debug|ARM.Build.0 = Debug|Any CPU
		{E1965A9B-5007-449F-899A-6B4B045BE30E}.Debug|ARM64.ActiveCfg = Debug|Any CPU
		{E1965A9B-5007-449F-899A-6B4B045BE30E}.Debug|ARM64.Build.0 = Debug|Any CPU
		{E1965A9B-5007-449F-899A-6B4B045BE30E}.Debug|iPhone.ActiveCfg = Debug|Any CPU
		{E1965A9B-5007-449F-899A-6B4B045BE30E}.Debug|iPhone.Build.0 = Debug|Any CPU
		{E1965A9B-5007-449F-899A-6B4B045BE30E}.Debug|iPhoneSimulator.ActiveCfg = Debug|Any CPU
		{E1965A9B-5007-449F-899A-6B4B045BE30E}.Debug|iPhoneSimulator.Build.0 = Debug|Any CPU
		{E1965A9B-5007-449F-899A-6B4B045BE30E}.Debug|x64.ActiveCfg = Debug|Any CPU
		{E1965A9B-5007-449F-899A-6B4B045BE30E}.Debug|x64.Build.0 = Debug|Any CPU
		{E1965A9B-5007-449F-899A-6B4B045BE30E}.Debug|x86.ActiveCfg = Debug|Any CPU
		{E1965A9B-5007-449F-899A-6B4B045BE30E}.Debug|x86.Build.0 = Debug|Any CPU
		{E1965A9B-5007-449F-899A-6B4B045BE30E}.Release|Any CPU.ActiveCfg = Release|Any CPU
		{E1965A9B-5007-449F-899A-6B4B045BE30E}.Release|Any CPU.Build.0 = Release|Any CPU
		{E1965A9B-5007-449F-899A-6B4B045BE30E}.Release|ARM.ActiveCfg = Release|Any CPU
		{E1965A9B-5007-449F-899A-6B4B045BE30E}.Release|ARM.Build.0 = Release|Any CPU
		{E1965A9B-5007-449F-899A-6B4B045BE30E}.Release|ARM64.ActiveCfg = Release|Any CPU
		{E1965A9B-5007-449F-899A-6B4B045BE30E}.Release|ARM64.Build.0 = Release|Any CPU
		{E1965A9B-5007-449F-899A-6B4B045BE30E}.Release|iPhone.ActiveCfg = Release|Any CPU
		{E1965A9B-5007-449F-899A-6B4B045BE30E}.Release|iPhone.Build.0 = Release|Any CPU
		{E1965A9B-5007-449F-899A-6B4B045BE30E}.Release|iPhoneSimulator.ActiveCfg = Release|Any CPU
		{E1965A9B-5007-449F-899A-6B4B045BE30E}.Release|iPhoneSimulator.Build.0 = Release|Any CPU
		{E1965A9B-5007-449F-899A-6B4B045BE30E}.Release|x64.ActiveCfg = Release|Any CPU
		{E1965A9B-5007-449F-899A-6B4B045BE30E}.Release|x64.Build.0 = Release|Any CPU
		{E1965A9B-5007-449F-899A-6B4B045BE30E}.Release|x86.ActiveCfg = Release|Any CPU
		{E1965A9B-5007-449F-899A-6B4B045BE30E}.Release|x86.Build.0 = Release|Any CPU
		{A2433EF0-0193-4943-B9EE-2DAA3D878EA2}.Debug|Any CPU.ActiveCfg = Debug|Any CPU
		{A2433EF0-0193-4943-B9EE-2DAA3D878EA2}.Debug|Any CPU.Build.0 = Debug|Any CPU
		{A2433EF0-0193-4943-B9EE-2DAA3D878EA2}.Debug|Any CPU.Deploy.0 = Debug|Any CPU
		{A2433EF0-0193-4943-B9EE-2DAA3D878EA2}.Debug|ARM.ActiveCfg = Debug|Any CPU
		{A2433EF0-0193-4943-B9EE-2DAA3D878EA2}.Debug|ARM.Build.0 = Debug|Any CPU
		{A2433EF0-0193-4943-B9EE-2DAA3D878EA2}.Debug|ARM.Deploy.0 = Debug|Any CPU
		{A2433EF0-0193-4943-B9EE-2DAA3D878EA2}.Debug|ARM64.ActiveCfg = Debug|Any CPU
		{A2433EF0-0193-4943-B9EE-2DAA3D878EA2}.Debug|ARM64.Build.0 = Debug|Any CPU
		{A2433EF0-0193-4943-B9EE-2DAA3D878EA2}.Debug|ARM64.Deploy.0 = Debug|Any CPU
		{A2433EF0-0193-4943-B9EE-2DAA3D878EA2}.Debug|iPhone.ActiveCfg = Debug|Any CPU
		{A2433EF0-0193-4943-B9EE-2DAA3D878EA2}.Debug|iPhone.Build.0 = Debug|Any CPU
		{A2433EF0-0193-4943-B9EE-2DAA3D878EA2}.Debug|iPhone.Deploy.0 = Debug|Any CPU
		{A2433EF0-0193-4943-B9EE-2DAA3D878EA2}.Debug|iPhoneSimulator.ActiveCfg = Debug|Any CPU
		{A2433EF0-0193-4943-B9EE-2DAA3D878EA2}.Debug|iPhoneSimulator.Build.0 = Debug|Any CPU
		{A2433EF0-0193-4943-B9EE-2DAA3D878EA2}.Debug|iPhoneSimulator.Deploy.0 = Debug|Any CPU
		{A2433EF0-0193-4943-B9EE-2DAA3D878EA2}.Debug|x64.ActiveCfg = Debug|Any CPU
		{A2433EF0-0193-4943-B9EE-2DAA3D878EA2}.Debug|x64.Build.0 = Debug|Any CPU
		{A2433EF0-0193-4943-B9EE-2DAA3D878EA2}.Debug|x64.Deploy.0 = Debug|Any CPU
		{A2433EF0-0193-4943-B9EE-2DAA3D878EA2}.Debug|x86.ActiveCfg = Debug|Any CPU
		{A2433EF0-0193-4943-B9EE-2DAA3D878EA2}.Debug|x86.Build.0 = Debug|Any CPU
		{A2433EF0-0193-4943-B9EE-2DAA3D878EA2}.Debug|x86.Deploy.0 = Debug|Any CPU
		{A2433EF0-0193-4943-B9EE-2DAA3D878EA2}.Release|Any CPU.ActiveCfg = Release|Any CPU
		{A2433EF0-0193-4943-B9EE-2DAA3D878EA2}.Release|Any CPU.Build.0 = Release|Any CPU
		{A2433EF0-0193-4943-B9EE-2DAA3D878EA2}.Release|Any CPU.Deploy.0 = Release|Any CPU
		{A2433EF0-0193-4943-B9EE-2DAA3D878EA2}.Release|ARM.ActiveCfg = Release|Any CPU
		{A2433EF0-0193-4943-B9EE-2DAA3D878EA2}.Release|ARM.Build.0 = Release|Any CPU
		{A2433EF0-0193-4943-B9EE-2DAA3D878EA2}.Release|ARM.Deploy.0 = Release|Any CPU
		{A2433EF0-0193-4943-B9EE-2DAA3D878EA2}.Release|ARM64.ActiveCfg = Release|Any CPU
		{A2433EF0-0193-4943-B9EE-2DAA3D878EA2}.Release|ARM64.Build.0 = Release|Any CPU
		{A2433EF0-0193-4943-B9EE-2DAA3D878EA2}.Release|ARM64.Deploy.0 = Release|Any CPU
		{A2433EF0-0193-4943-B9EE-2DAA3D878EA2}.Release|iPhone.ActiveCfg = Release|Any CPU
		{A2433EF0-0193-4943-B9EE-2DAA3D878EA2}.Release|iPhone.Build.0 = Release|Any CPU
		{A2433EF0-0193-4943-B9EE-2DAA3D878EA2}.Release|iPhone.Deploy.0 = Release|Any CPU
		{A2433EF0-0193-4943-B9EE-2DAA3D878EA2}.Release|iPhoneSimulator.ActiveCfg = Release|Any CPU
		{A2433EF0-0193-4943-B9EE-2DAA3D878EA2}.Release|iPhoneSimulator.Build.0 = Release|Any CPU
		{A2433EF0-0193-4943-B9EE-2DAA3D878EA2}.Release|iPhoneSimulator.Deploy.0 = Release|Any CPU
		{A2433EF0-0193-4943-B9EE-2DAA3D878EA2}.Release|x64.ActiveCfg = Release|Any CPU
		{A2433EF0-0193-4943-B9EE-2DAA3D878EA2}.Release|x64.Build.0 = Release|Any CPU
		{A2433EF0-0193-4943-B9EE-2DAA3D878EA2}.Release|x64.Deploy.0 = Release|Any CPU
		{A2433EF0-0193-4943-B9EE-2DAA3D878EA2}.Release|x86.ActiveCfg = Release|Any CPU
		{A2433EF0-0193-4943-B9EE-2DAA3D878EA2}.Release|x86.Build.0 = Release|Any CPU
		{A2433EF0-0193-4943-B9EE-2DAA3D878EA2}.Release|x86.Deploy.0 = Release|Any CPU
		{E0CD3877-9AC8-47C9-B3CF-29123039FFC8}.Debug|Any CPU.ActiveCfg = Debug|iPhone
		{E0CD3877-9AC8-47C9-B3CF-29123039FFC8}.Debug|ARM.ActiveCfg = Debug|iPhone
		{E0CD3877-9AC8-47C9-B3CF-29123039FFC8}.Debug|ARM64.ActiveCfg = Debug|iPhone
		{E0CD3877-9AC8-47C9-B3CF-29123039FFC8}.Debug|iPhone.ActiveCfg = Debug|iPhone
		{E0CD3877-9AC8-47C9-B3CF-29123039FFC8}.Debug|iPhone.Build.0 = Debug|iPhone
		{E0CD3877-9AC8-47C9-B3CF-29123039FFC8}.Debug|iPhoneSimulator.ActiveCfg = Debug|iPhoneSimulator
		{E0CD3877-9AC8-47C9-B3CF-29123039FFC8}.Debug|iPhoneSimulator.Build.0 = Debug|iPhoneSimulator
		{E0CD3877-9AC8-47C9-B3CF-29123039FFC8}.Debug|x64.ActiveCfg = Debug|iPhone
		{E0CD3877-9AC8-47C9-B3CF-29123039FFC8}.Debug|x86.ActiveCfg = Debug|iPhone
		{E0CD3877-9AC8-47C9-B3CF-29123039FFC8}.Release|Any CPU.ActiveCfg = Release|iPhone
		{E0CD3877-9AC8-47C9-B3CF-29123039FFC8}.Release|ARM.ActiveCfg = Release|iPhone
		{E0CD3877-9AC8-47C9-B3CF-29123039FFC8}.Release|ARM64.ActiveCfg = Release|iPhone
		{E0CD3877-9AC8-47C9-B3CF-29123039FFC8}.Release|iPhone.ActiveCfg = Release|iPhone
		{E0CD3877-9AC8-47C9-B3CF-29123039FFC8}.Release|iPhone.Build.0 = Release|iPhone
		{E0CD3877-9AC8-47C9-B3CF-29123039FFC8}.Release|iPhoneSimulator.ActiveCfg = Release|iPhoneSimulator
		{E0CD3877-9AC8-47C9-B3CF-29123039FFC8}.Release|iPhoneSimulator.Build.0 = Release|iPhoneSimulator
		{E0CD3877-9AC8-47C9-B3CF-29123039FFC8}.Release|x64.ActiveCfg = Release|iPhone
		{E0CD3877-9AC8-47C9-B3CF-29123039FFC8}.Release|x86.ActiveCfg = Release|iPhone
		{8FFC95B4-8847-4DBF-B488-3A474DA84807}.Debug|Any CPU.ActiveCfg = Debug|x86
		{8FFC95B4-8847-4DBF-B488-3A474DA84807}.Debug|ARM.ActiveCfg = Debug|ARM
		{8FFC95B4-8847-4DBF-B488-3A474DA84807}.Debug|ARM.Build.0 = Debug|ARM
		{8FFC95B4-8847-4DBF-B488-3A474DA84807}.Debug|ARM.Deploy.0 = Debug|ARM
		{8FFC95B4-8847-4DBF-B488-3A474DA84807}.Debug|ARM64.ActiveCfg = Debug|ARM64
		{8FFC95B4-8847-4DBF-B488-3A474DA84807}.Debug|ARM64.Build.0 = Debug|ARM64
		{8FFC95B4-8847-4DBF-B488-3A474DA84807}.Debug|ARM64.Deploy.0 = Debug|ARM64
		{8FFC95B4-8847-4DBF-B488-3A474DA84807}.Debug|iPhone.ActiveCfg = Debug|x86
		{8FFC95B4-8847-4DBF-B488-3A474DA84807}.Debug|iPhoneSimulator.ActiveCfg = Debug|x86
		{8FFC95B4-8847-4DBF-B488-3A474DA84807}.Debug|x64.ActiveCfg = Debug|x64
		{8FFC95B4-8847-4DBF-B488-3A474DA84807}.Debug|x64.Build.0 = Debug|x64
		{8FFC95B4-8847-4DBF-B488-3A474DA84807}.Debug|x64.Deploy.0 = Debug|x64
		{8FFC95B4-8847-4DBF-B488-3A474DA84807}.Debug|x86.ActiveCfg = Debug|x86
		{8FFC95B4-8847-4DBF-B488-3A474DA84807}.Debug|x86.Build.0 = Debug|x86
		{8FFC95B4-8847-4DBF-B488-3A474DA84807}.Debug|x86.Deploy.0 = Debug|x86
		{8FFC95B4-8847-4DBF-B488-3A474DA84807}.Release|Any CPU.ActiveCfg = Release|x86
		{8FFC95B4-8847-4DBF-B488-3A474DA84807}.Release|ARM.ActiveCfg = Release|ARM
		{8FFC95B4-8847-4DBF-B488-3A474DA84807}.Release|ARM.Build.0 = Release|ARM
		{8FFC95B4-8847-4DBF-B488-3A474DA84807}.Release|ARM.Deploy.0 = Release|ARM
		{8FFC95B4-8847-4DBF-B488-3A474DA84807}.Release|ARM64.ActiveCfg = Release|ARM64
		{8FFC95B4-8847-4DBF-B488-3A474DA84807}.Release|ARM64.Build.0 = Release|ARM64
		{8FFC95B4-8847-4DBF-B488-3A474DA84807}.Release|ARM64.Deploy.0 = Release|ARM64
		{8FFC95B4-8847-4DBF-B488-3A474DA84807}.Release|iPhone.ActiveCfg = Release|x86
		{8FFC95B4-8847-4DBF-B488-3A474DA84807}.Release|iPhoneSimulator.ActiveCfg = Release|x86
		{8FFC95B4-8847-4DBF-B488-3A474DA84807}.Release|x64.ActiveCfg = Release|x64
		{8FFC95B4-8847-4DBF-B488-3A474DA84807}.Release|x64.Build.0 = Release|x64
		{8FFC95B4-8847-4DBF-B488-3A474DA84807}.Release|x64.Deploy.0 = Release|x64
		{8FFC95B4-8847-4DBF-B488-3A474DA84807}.Release|x86.ActiveCfg = Release|x86
		{8FFC95B4-8847-4DBF-B488-3A474DA84807}.Release|x86.Build.0 = Release|x86
		{8FFC95B4-8847-4DBF-B488-3A474DA84807}.Release|x86.Deploy.0 = Release|x86
	EndGlobalSection
	GlobalSection(SolutionProperties) = preSolution
		HideSolutionNode = FALSE
	EndGlobalSection
	GlobalSection(ExtensibilityGlobals) = postSolution
		SolutionGuid = {3FC9E7F6-0F23-417D-B1AD-D58DCD65FDB6}
	EndGlobalSection
EndGlobal
